
Microsoft Visual Studio Solution File, Format Version 12.00
# Visual Studio Version 16
VisualStudioVersion = 16.0.30225.117
MinimumVisualStudioVersion = 10.0.40219.1
Project("{FAE04EC0-301F-11D3-BF4B-00C04F79EFBC}") = "EntityFrameworkCore.DbContextPoolMultiplexer", "src/EntityFrameworkCore.DbContextPoolMultiplexer.csproj", "{47532308-8700-4C33-B562-8A3B3CDECB09}"
EndProject
Global
	GlobalSection(SolutionConfigurationPlatforms) = preSolution
		Debug|Any CPU = Debug|Any CPU
		Release|Any CPU = Release|Any CPU
	EndGlobalSection
	GlobalSection(ProjectConfigurationPlatforms) = postSolution
		{47532308-8700-4C33-B562-8A3B3CDECB09}.Debug|Any CPU.ActiveCfg = Debug|Any CPU
		{47532308-8700-4C33-B562-8A3B3CDECB09}.Debug|Any CPU.Build.0 = Debug|Any CPU
		{47532308-8700-4C33-B562-8A3B3CDECB09}.Release|Any CPU.ActiveCfg = Release|Any CPU
		{47532308-8700-4C33-B562-8A3B3CDECB09}.Release|Any CPU.Build.0 = Release|Any CPU
	EndGlobalSection
	GlobalSection(SolutionProperties) = preSolution
		HideSolutionNode = FALSE
	EndGlobalSection
	GlobalSection(ExtensibilityGlobals) = postSolution
		SolutionGuid = {6790C841-00EF-4A16-93BD-1FB8E1DA7FCC}
	EndGlobalSection
EndGlobal
